
Microsoft Visual Studio Solution File, Format Version 10.00
# Visual Studio 2008
Project("{FAE04EC0-301F-11D3-BF4B-00C04F79EFBC}") = "Recipe2Dot5", "Recipe2Dot5.csproj", "{D14F6DDF-FE48-47F9-B537-2432DB645F03}"
EndProject
Global
	GlobalSection(SolutionConfigurationPlatforms) = preSolution
		Debug|iPhoneSimulator = Debug|iPhoneSimulator
		Release|iPhoneSimulator = Release|iPhoneSimulator
		Debug|iPhone = Debug|iPhone
		Release|iPhone = Release|iPhone
	EndGlobalSection
	GlobalSection(ProjectConfigurationPlatforms) = postSolution
		{D14F6DDF-FE48-47F9-B537-2432DB645F03}.Debug|iPhone.ActiveCfg = Debug|iPhone
		{D14F6DDF-FE48-47F9-B537-2432DB645F03}.Debug|iPhone.Build.0 = Debug|iPhone
		{D14F6DDF-FE48-47F9-B537-2432DB645F03}.Debug|iPhoneSimulator.ActiveCfg = Debug|iPhoneSimulator
		{D14F6DDF-FE48-47F9-B537-2432DB645F03}.Debug|iPhoneSimulator.Build.0 = Debug|iPhoneSimulator
		{D14F6DDF-FE48-47F9-B537-2432DB645F03}.Release|iPhone.ActiveCfg = Release|iPhone
		{D14F6DDF-FE48-47F9-B537-2432DB645F03}.Release|iPhone.Build.0 = Release|iPhone
		{D14F6DDF-FE48-47F9-B537-2432DB645F03}.Release|iPhoneSimulator.ActiveCfg = Release|iPhoneSimulator
		{D14F6DDF-FE48-47F9-B537-2432DB645F03}.Release|iPhoneSimulator.Build.0 = Release|iPhoneSimulator
	EndGlobalSection
	GlobalSection(MonoDevelopProperties) = preSolution
		StartupItem = Recipe2Dot5.csproj
	EndGlobalSection
EndGlobal
