
Microsoft Visual Studio Solution File, Format Version 10.00
# Visual Studio 2008
Project("{FAE04EC0-301F-11D3-BF4B-00C04F79EFBC}") = "2Dot_DetectingMultitouch", "2Dot_DetectingMultitouch\2Dot_DetectingMultitouch.csproj", "{42BBD7F3-43C0-495C-AFB1-CCCD6E8A4451}"
EndProject
Global
	GlobalSection(SolutionConfigurationPlatforms) = preSolution
		Debug|iPhoneSimulator = Debug|iPhoneSimulator
		Release|iPhoneSimulator = Release|iPhoneSimulator
		Debug|iPhone = Debug|iPhone
		Release|iPhone = Release|iPhone
	EndGlobalSection
	GlobalSection(ProjectConfigurationPlatforms) = postSolution
		{42BBD7F3-43C0-495C-AFB1-CCCD6E8A4451}.Debug|iPhone.ActiveCfg = Debug|iPhone
		{42BBD7F3-43C0-495C-AFB1-CCCD6E8A4451}.Debug|iPhone.Build.0 = Debug|iPhone
		{42BBD7F3-43C0-495C-AFB1-CCCD6E8A4451}.Debug|iPhoneSimulator.ActiveCfg = Debug|iPhoneSimulator
		{42BBD7F3-43C0-495C-AFB1-CCCD6E8A4451}.Debug|iPhoneSimulator.Build.0 = Debug|iPhoneSimulator
		{42BBD7F3-43C0-495C-AFB1-CCCD6E8A4451}.Release|iPhone.ActiveCfg = Release|iPhone
		{42BBD7F3-43C0-495C-AFB1-CCCD6E8A4451}.Release|iPhone.Build.0 = Release|iPhone
		{42BBD7F3-43C0-495C-AFB1-CCCD6E8A4451}.Release|iPhoneSimulator.ActiveCfg = Release|iPhoneSimulator
		{42BBD7F3-43C0-495C-AFB1-CCCD6E8A4451}.Release|iPhoneSimulator.Build.0 = Release|iPhoneSimulator
	EndGlobalSection
	GlobalSection(MonoDevelopProperties) = preSolution
		StartupItem = 2Dot_DetectingMultitouch\2Dot_DetectingMultitouch.csproj
	EndGlobalSection
EndGlobal
