
Microsoft Visual Studio Solution File, Format Version 10.00
# Visual Studio 2008
Project("{FAE04EC0-301F-11D3-BF4B-00C04F79EFBC}") = "Recipe2Dot2Reorienting", "Recipe2Dot2Reorienting\Recipe2Dot2Reorienting.csproj", "{A75450CA-5994-4F79-B015-53209CE30FC5}"
EndProject
Global
	GlobalSection(SolutionConfigurationPlatforms) = preSolution
		Debug|iPhoneSimulator = Debug|iPhoneSimulator
		Release|iPhoneSimulator = Release|iPhoneSimulator
		Debug|iPhone = Debug|iPhone
		Release|iPhone = Release|iPhone
	EndGlobalSection
	GlobalSection(ProjectConfigurationPlatforms) = postSolution
		{A75450CA-5994-4F79-B015-53209CE30FC5}.Debug|iPhone.ActiveCfg = Debug|iPhone
		{A75450CA-5994-4F79-B015-53209CE30FC5}.Debug|iPhone.Build.0 = Debug|iPhone
		{A75450CA-5994-4F79-B015-53209CE30FC5}.Debug|iPhoneSimulator.ActiveCfg = Debug|iPhoneSimulator
		{A75450CA-5994-4F79-B015-53209CE30FC5}.Debug|iPhoneSimulator.Build.0 = Debug|iPhoneSimulator
		{A75450CA-5994-4F79-B015-53209CE30FC5}.Release|iPhone.ActiveCfg = Release|iPhone
		{A75450CA-5994-4F79-B015-53209CE30FC5}.Release|iPhone.Build.0 = Release|iPhone
		{A75450CA-5994-4F79-B015-53209CE30FC5}.Release|iPhoneSimulator.ActiveCfg = Release|iPhoneSimulator
		{A75450CA-5994-4F79-B015-53209CE30FC5}.Release|iPhoneSimulator.Build.0 = Release|iPhoneSimulator
	EndGlobalSection
	GlobalSection(MonoDevelopProperties) = preSolution
		StartupItem = Recipe2Dot2Reorienting\Recipe2Dot2Reorienting.csproj
	EndGlobalSection
EndGlobal
